
Microsoft Visual Studio Solution File, Format Version 12.00
# Visual Studio Version 17
VisualStudioVersion = 17.3.32825.248
MinimumVisualStudioVersion = 10.0.40219.1
Project("{FAE04EC0-301F-11D3-BF4B-00C04F79EFBC}") = "SerializablePerson", "SerializablePerson\SerializablePerson.csproj", "{01CF79FD-2D37-4650-BDDA-6C23F742DB42}"
EndProject
Project("{2150E333-8FDC-42A3-9474-1A3956D46DE8}") = "Solution Items", "Solution Items", "{41A0D215-AD49-4C88-BDEE-348359230B6E}"
	ProjectSection(SolutionItems) = preProject
		.editorconfig = .editorconfig
	EndProjectSection
EndProject
Global
	GlobalSection(SolutionConfigurationPlatforms) = preSolution
		Debug|Any CPU = Debug|Any CPU
		Release|Any CPU = Release|Any CPU
	EndGlobalSection
	GlobalSection(ProjectConfigurationPlatforms) = postSolution
		{01CF79FD-2D37-4650-BDDA-6C23F742DB42}.Debug|Any CPU.ActiveCfg = Debug|Any CPU
		{01CF79FD-2D37-4650-BDDA-6C23F742DB42}.Debug|Any CPU.Build.0 = Debug|Any CPU
		{01CF79FD-2D37-4650-BDDA-6C23F742DB42}.Release|Any CPU.ActiveCfg = Release|Any CPU
		{01CF79FD-2D37-4650-BDDA-6C23F742DB42}.Release|Any CPU.Build.0 = Release|Any CPU
	EndGlobalSection
	GlobalSection(SolutionProperties) = preSolution
		HideSolutionNode = FALSE
	EndGlobalSection
	GlobalSection(ExtensibilityGlobals) = postSolution
		SolutionGuid = {61F4B822-4F96-4D7A-91F3-A9A0CD659B3C}
	EndGlobalSection
EndGlobal
